
Microsoft Visual Studio Solution File, Format Version 12.00
# Visual Studio 15
Project("{FAE04EC0-301F-11D3-BF4B-00C04F79EFBC}") = "Assembly-CSharp", "Assembly-CSharp.csproj", "{D5457C42-DDF0-5567-2C5D-D792711363AF}"
EndProject
Project("{FAE04EC0-301F-11D3-BF4B-00C04F79EFBC}") = "Assembly-CSharp-Editor", "Assembly-CSharp-Editor.csproj", "{7A9CD15C-A2F0-40DD-3CF5-C89B70D04AE3}"
EndProject
Global
	GlobalSection(SolutionConfigurationPlatforms) = preSolution
		Debug|Any CPU = Debug|Any CPU
		Release|Any CPU = Release|Any CPU
	EndGlobalSection
	GlobalSection(ProjectConfigurationPlatforms) = postSolution
		{D5457C42-DDF0-5567-2C5D-D792711363AF}.Debug|Any CPU.ActiveCfg = Debug|Any CPU
		{D5457C42-DDF0-5567-2C5D-D792711363AF}.Debug|Any CPU.Build.0 = Debug|Any CPU
		{D5457C42-DDF0-5567-2C5D-D792711363AF}.Release|Any CPU.ActiveCfg = Release|Any CPU
		{D5457C42-DDF0-5567-2C5D-D792711363AF}.Release|Any CPU.Build.0 = Release|Any CPU
		{7A9CD15C-A2F0-40DD-3CF5-C89B70D04AE3}.Debug|Any CPU.ActiveCfg = Debug|Any CPU
		{7A9CD15C-A2F0-40DD-3CF5-C89B70D04AE3}.Debug|Any CPU.Build.0 = Debug|Any CPU
		{7A9CD15C-A2F0-40DD-3CF5-C89B70D04AE3}.Release|Any CPU.ActiveCfg = Release|Any CPU
		{7A9CD15C-A2F0-40DD-3CF5-C89B70D04AE3}.Release|Any CPU.Build.0 = Release|Any CPU
	EndGlobalSection
	GlobalSection(SolutionProperties) = preSolution
		HideSolutionNode = FALSE
	EndGlobalSection
EndGlobal
